
Microsoft Visual Studio Solution File, Format Version 12.00
# Visual Studio Version 17
VisualStudioVersion = 17.5.33627.172
MinimumVisualStudioVersion = 10.0.40219.1
Project("{FAE04EC0-301F-11D3-BF4B-00C04F79EFBC}") = "PassportsRehaulReact", "PassportsRehaulReact\PassportsRehaulReact.csproj", "{605799F5-00C1-4FB5-8982-268D115252FE}"
EndProject
Global
	GlobalSection(SolutionConfigurationPlatforms) = preSolution
		Debug|Any CPU = Debug|Any CPU
		Release|Any CPU = Release|Any CPU
	EndGlobalSection
	GlobalSection(ProjectConfigurationPlatforms) = postSolution
		{605799F5-00C1-4FB5-8982-268D115252FE}.Debug|Any CPU.ActiveCfg = Debug|Any CPU
		{605799F5-00C1-4FB5-8982-268D115252FE}.Debug|Any CPU.Build.0 = Debug|Any CPU
		{605799F5-00C1-4FB5-8982-268D115252FE}.Release|Any CPU.ActiveCfg = Release|Any CPU
		{605799F5-00C1-4FB5-8982-268D115252FE}.Release|Any CPU.Build.0 = Release|Any CPU
	EndGlobalSection
	GlobalSection(SolutionProperties) = preSolution
		HideSolutionNode = FALSE
	EndGlobalSection
	GlobalSection(ExtensibilityGlobals) = postSolution
		SolutionGuid = {1FB5BABC-DCB4-4E19-AF96-29FAC3AA7C99}
	EndGlobalSection
EndGlobal
